// !$*UTF8*$!
{
	archiveVersion = 1;
	classes = {
	};
	objectVersion = 50;
	objects = {

/* Begin PBXBuildFile section */
		1334C6F92150BC38002B17E6 /* Term.swift in Sources */ = {isa = PBXBuildFile; fileRef = 1334C6F82150BC38002B17E6 /* Term.swift */; };
		1334C6FD2150BEEE002B17E6 /* JSONMapper.swift in Sources */ = {isa = PBXBuildFile; fileRef = 1334C6FC2150BEEE002B17E6 /* JSONMapper.swift */; };
		1334C7012150C10A002B17E6 /* OxfordDictionaryService.swift in Sources */ = {isa = PBXBuildFile; fileRef = 1334C7002150C10A002B17E6 /* OxfordDictionaryService.swift */; };
		135FCC7D216FFB3900C3A633 /* ExistingTermCell.swift in Sources */ = {isa = PBXBuildFile; fileRef = 135FCC7C216FFB3900C3A633 /* ExistingTermCell.swift */; };
		13644F1C214ED7B700F20718 /* AppDelegate.swift in Sources */ = {isa = PBXBuildFile; fileRef = 13644F1B214ED7B700F20718 /* AppDelegate.swift */; };
		13644F1E214ED7B700F20718 /* LearningTermsController.swift in Sources */ = {isa = PBXBuildFile; fileRef = 13644F1D214ED7B700F20718 /* LearningTermsController.swift */; };
		13644F21214ED7B700F20718 /* Main.storyboard in Resources */ = {isa = PBXBuildFile; fileRef = 13644F1F214ED7B700F20718 /* Main.storyboard */; };
		13644F23214ED7BA00F20718 /* Assets.xcassets in Resources */ = {isa = PBXBuildFile; fileRef = 13644F22214ED7BA00F20718 /* Assets.xcassets */; };
		13644F26214ED7BA00F20718 /* LaunchScreen.storyboard in Resources */ = {isa = PBXBuildFile; fileRef = 13644F24214ED7BA00F20718 /* LaunchScreen.storyboard */; };
		13644F31214ED7BA00F20718 /* MocabTests.swift in Sources */ = {isa = PBXBuildFile; fileRef = 13644F30214ED7BA00F20718 /* MocabTests.swift */; };
		13644F3C214ED7BA00F20718 /* MocabUITests.swift in Sources */ = {isa = PBXBuildFile; fileRef = 13644F3B214ED7BA00F20718 /* MocabUITests.swift */; };
		1385266821531D2F0024F099 /* TermService.swift in Sources */ = {isa = PBXBuildFile; fileRef = 1385266721531D2F0024F099 /* TermService.swift */; };
		1385266A2153210D0024F099 /* UserDefaultsTermService.swift in Sources */ = {isa = PBXBuildFile; fileRef = 138526692153210D0024F099 /* UserDefaultsTermService.swift */; };
		1385266C2153224E0024F099 /* ServiceInjector.swift in Sources */ = {isa = PBXBuildFile; fileRef = 1385266B2153224E0024F099 /* ServiceInjector.swift */; };
		1385266F215341660024F099 /* NewWordCell.swift in Sources */ = {isa = PBXBuildFile; fileRef = 1385266E215341660024F099 /* NewWordCell.swift */; };
		13C8DA092152027900B3FA5D /* Alamofire.framework in Frameworks */ = {isa = PBXBuildFile; fileRef = 13C8DA082152027900B3FA5D /* Alamofire.framework */; };
		13C8DA0B2152028200B3FA5D /* PMKAlamofire.framework in Frameworks */ = {isa = PBXBuildFile; fileRef = 13C8DA0A2152028200B3FA5D /* PMKAlamofire.framework */; };
		13C8DA0D2152028C00B3FA5D /* PromiseKit.framework in Frameworks */ = {isa = PBXBuildFile; fileRef = 13C8DA0C2152028C00B3FA5D /* PromiseKit.framework */; };
		13CCAD8621534F9C004534F5 /* UITextField.swift in Sources */ = {isa = PBXBuildFile; fileRef = 13CCAD8521534F9C004534F5 /* UITextField.swift */; };
		13CCAD892153580D004534F5 /* UnexpectedPayloadError.swift in Sources */ = {isa = PBXBuildFile; fileRef = 13CCAD882153580D004534F5 /* UnexpectedPayloadError.swift */; };
		13D8F6C52152084C003F573C /* PromiseKit.framework in Embed Frameworks */ = {isa = PBXBuildFile; fileRef = 13C8DA0C2152028C00B3FA5D /* PromiseKit.framework */; settings = {ATTRIBUTES = (CodeSignOnCopy, RemoveHeadersOnCopy, ); }; };
		13D8F6C72152084C003F573C /* PMKAlamofire.framework in Embed Frameworks */ = {isa = PBXBuildFile; fileRef = 13C8DA0A2152028200B3FA5D /* PMKAlamofire.framework */; settings = {ATTRIBUTES = (CodeSignOnCopy, RemoveHeadersOnCopy, ); }; };
		13D8F6C92152084C003F573C /* Alamofire.framework in Embed Frameworks */ = {isa = PBXBuildFile; fileRef = 13C8DA082152027900B3FA5D /* Alamofire.framework */; settings = {ATTRIBUTES = (CodeSignOnCopy, RemoveHeadersOnCopy, ); }; };
		13D8F6CD21521771003F573C /* DefinitionResponse.swift in Sources */ = {isa = PBXBuildFile; fileRef = 13D8F6CC21521771003F573C /* DefinitionResponse.swift */; };
		13D8F6CF2152179C003F573C /* InflectionResponse.swift in Sources */ = {isa = PBXBuildFile; fileRef = 13D8F6CE2152179C003F573C /* InflectionResponse.swift */; };
		13D8F6D12152180E003F573C /* TermDefiner.swift in Sources */ = {isa = PBXBuildFile; fileRef = 13D8F6D02152180E003F573C /* TermDefiner.swift */; };
		13D8F6D321521844003F573C /* Language.swift in Sources */ = {isa = PBXBuildFile; fileRef = 13D8F6D221521844003F573C /* Language.swift */; };
/* End PBXBuildFile section */

/* Begin PBXContainerItemProxy section */
		13644F2D214ED7BA00F20718 /* PBXContainerItemProxy */ = {
			isa = PBXContainerItemProxy;
			containerPortal = 13644F10214ED7B700F20718 /* Project object */;
			proxyType = 1;
			remoteGlobalIDString = 13644F17214ED7B700F20718;
			remoteInfo = Mocab;
		};
		13644F38214ED7BA00F20718 /* PBXContainerItemProxy */ = {
			isa = PBXContainerItemProxy;
			containerPortal = 13644F10214ED7B700F20718 /* Project object */;
			proxyType = 1;
			remoteGlobalIDString = 13644F17214ED7B700F20718;
			remoteInfo = Mocab;
		};
/* End PBXContainerItemProxy section */

/* Begin PBXCopyFilesBuildPhase section */
		13D8F6CA2152084C003F573C /* Embed Frameworks */ = {
			isa = PBXCopyFilesBuildPhase;
			buildActionMask = 2147483647;
			dstPath = "";
			dstSubfolderSpec = 10;
			files = (
				13D8F6C72152084C003F573C /* PMKAlamofire.framework in Embed Frameworks */,
				13D8F6C92152084C003F573C /* Alamofire.framework in Embed Frameworks */,
				13D8F6C52152084C003F573C /* PromiseKit.framework in Embed Frameworks */,
			);
			name = "Embed Frameworks";
			runOnlyForDeploymentPostprocessing = 0;
		};
/* End PBXCopyFilesBuildPhase section */

/* Begin PBXFileReference section */
		1334C6F82150BC38002B17E6 /* Term.swift */ = {isa = PBXFileReference; lastKnownFileType = sourcecode.swift; path = Term.swift; sourceTree = "<group>"; };
		1334C6FC2150BEEE002B17E6 /* JSONMapper.swift */ = {isa = PBXFileReference; lastKnownFileType = sourcecode.swift; path = JSONMapper.swift; sourceTree = "<group>"; };
		1334C7002150C10A002B17E6 /* OxfordDictionaryService.swift */ = {isa = PBXFileReference; lastKnownFileType = sourcecode.swift; path = OxfordDictionaryService.swift; sourceTree = "<group>"; };
		135FCC7C216FFB3900C3A633 /* ExistingTermCell.swift */ = {isa = PBXFileReference; lastKnownFileType = sourcecode.swift; path = ExistingTermCell.swift; sourceTree = "<group>"; };
		13644F18214ED7B700F20718 /* Mocab.app */ = {isa = PBXFileReference; explicitFileType = wrapper.application; includeInIndex = 0; path = Mocab.app; sourceTree = BUILT_PRODUCTS_DIR; };
		13644F1B214ED7B700F20718 /* AppDelegate.swift */ = {isa = PBXFileReference; lastKnownFileType = sourcecode.swift; path = AppDelegate.swift; sourceTree = "<group>"; };
		13644F1D214ED7B700F20718 /* LearningTermsController.swift */ = {isa = PBXFileReference; lastKnownFileType = sourcecode.swift; path = LearningTermsController.swift; sourceTree = "<group>"; };
		13644F20214ED7B700F20718 /* Base */ = {isa = PBXFileReference; lastKnownFileType = file.storyboard; name = Base; path = Base.lproj/Main.storyboard; sourceTree = "<group>"; };
		13644F22214ED7BA00F20718 /* Assets.xcassets */ = {isa = PBXFileReference; lastKnownFileType = folder.assetcatalog; path = Assets.xcassets; sourceTree = "<group>"; };
		13644F25214ED7BA00F20718 /* Base */ = {isa = PBXFileReference; lastKnownFileType = file.storyboard; name = Base; path = Base.lproj/LaunchScreen.storyboard; sourceTree = "<group>"; };
		13644F27214ED7BA00F20718 /* Info.plist */ = {isa = PBXFileReference; lastKnownFileType = text.plist.xml; path = Info.plist; sourceTree = "<group>"; };
		13644F2C214ED7BA00F20718 /* MocabTests.xctest */ = {isa = PBXFileReference; explicitFileType = wrapper.cfbundle; includeInIndex = 0; path = MocabTests.xctest; sourceTree = BUILT_PRODUCTS_DIR; };
		13644F30214ED7BA00F20718 /* MocabTests.swift */ = {isa = PBXFileReference; lastKnownFileType = sourcecode.swift; path = MocabTests.swift; sourceTree = "<group>"; };
		13644F32214ED7BA00F20718 /* Info.plist */ = {isa = PBXFileReference; lastKnownFileType = text.plist.xml; path = Info.plist; sourceTree = "<group>"; };
		13644F37214ED7BA00F20718 /* MocabUITests.xctest */ = {isa = PBXFileReference; explicitFileType = wrapper.cfbundle; includeInIndex = 0; path = MocabUITests.xctest; sourceTree = BUILT_PRODUCTS_DIR; };
		13644F3B214ED7BA00F20718 /* MocabUITests.swift */ = {isa = PBXFileReference; lastKnownFileType = sourcecode.swift; path = MocabUITests.swift; sourceTree = "<group>"; };
		13644F3D214ED7BA00F20718 /* Info.plist */ = {isa = PBXFileReference; lastKnownFileType = text.plist.xml; path = Info.plist; sourceTree = "<group>"; };
		1385266721531D2F0024F099 /* TermService.swift */ = {isa = PBXFileReference; lastKnownFileType = sourcecode.swift; path = TermService.swift; sourceTree = "<group>"; };
		138526692153210D0024F099 /* UserDefaultsTermService.swift */ = {isa = PBXFileReference; lastKnownFileType = sourcecode.swift; path = UserDefaultsTermService.swift; sourceTree = "<group>"; };
		1385266B2153224E0024F099 /* ServiceInjector.swift */ = {isa = PBXFileReference; lastKnownFileType = sourcecode.swift; path = ServiceInjector.swift; sourceTree = "<group>"; };
		1385266E215341660024F099 /* NewWordCell.swift */ = {isa = PBXFileReference; lastKnownFileType = sourcecode.swift; path = NewWordCell.swift; sourceTree = "<group>"; };
		13C8DA082152027900B3FA5D /* Alamofire.framework */ = {isa = PBXFileReference; lastKnownFileType = wrapper.framework; name = Alamofire.framework; path = Carthage/Build/iOS/Alamofire.framework; sourceTree = "<group>"; };
		13C8DA0A2152028200B3FA5D /* PMKAlamofire.framework */ = {isa = PBXFileReference; lastKnownFileType = wrapper.framework; name = PMKAlamofire.framework; path = Carthage/Build/iOS/PMKAlamofire.framework; sourceTree = "<group>"; };
		13C8DA0C2152028C00B3FA5D /* PromiseKit.framework */ = {isa = PBXFileReference; lastKnownFileType = wrapper.framework; name = PromiseKit.framework; path = Carthage/Build/iOS/PromiseKit.framework; sourceTree = "<group>"; };
		13CCAD8521534F9C004534F5 /* UITextField.swift */ = {isa = PBXFileReference; lastKnownFileType = sourcecode.swift; path = UITextField.swift; sourceTree = "<group>"; };
		13CCAD882153580D004534F5 /* UnexpectedPayloadError.swift */ = {isa = PBXFileReference; lastKnownFileType = sourcecode.swift; path = UnexpectedPayloadError.swift; sourceTree = "<group>"; };
		13D8F6CC21521771003F573C /* DefinitionResponse.swift */ = {isa = PBXFileReference; lastKnownFileType = sourcecode.swift; path = DefinitionResponse.swift; sourceTree = "<group>"; };
		13D8F6CE2152179C003F573C /* InflectionResponse.swift */ = {isa = PBXFileReference; lastKnownFileType = sourcecode.swift; path = InflectionResponse.swift; sourceTree = "<group>"; };
		13D8F6D02152180E003F573C /* TermDefiner.swift */ = {isa = PBXFileReference; lastKnownFileType = sourcecode.swift; path = TermDefiner.swift; sourceTree = "<group>"; };
		13D8F6D221521844003F573C /* Language.swift */ = {isa = PBXFileReference; lastKnownFileType = sourcecode.swift; path = Language.swift; sourceTree = "<group>"; };
/* End PBXFileReference section */

/* Begin PBXFrameworksBuildPhase section */
		13644F15214ED7B700F20718 /* Frameworks */ = {
			isa = PBXFrameworksBuildPhase;
			buildActionMask = 2147483647;
			files = (
				13C8DA0D2152028C00B3FA5D /* PromiseKit.framework in Frameworks */,
				13C8DA0B2152028200B3FA5D /* PMKAlamofire.framework in Frameworks */,
				13C8DA092152027900B3FA5D /* Alamofire.framework in Frameworks */,
			);
			runOnlyForDeploymentPostprocessing = 0;
		};
		13644F29214ED7BA00F20718 /* Frameworks */ = {
			isa = PBXFrameworksBuildPhase;
			buildActionMask = 2147483647;
			files = (
			);
			runOnlyForDeploymentPostprocessing = 0;
		};
		13644F34214ED7BA00F20718 /* Frameworks */ = {
			isa = PBXFrameworksBuildPhase;
			buildActionMask = 2147483647;
			files = (
			);
			runOnlyForDeploymentPostprocessing = 0;
		};
/* End PBXFrameworksBuildPhase section */

/* Begin PBXGroup section */
		1334C6F72150BC23002B17E6 /* Models */ = {
			isa = PBXGroup;
			children = (
				1334C6F82150BC38002B17E6 /* Term.swift */,
			);
			path = Models;
			sourceTree = "<group>";
		};
		1334C6FA2150BEA5002B17E6 /* Controllers */ = {
			isa = PBXGroup;
			children = (
				13644F1D214ED7B700F20718 /* LearningTermsController.swift */,
			);
			path = Controllers;
			sourceTree = "<group>";
		};
		1334C6FB2150BEE1002B17E6 /* Utils */ = {
			isa = PBXGroup;
			children = (
				1334C6FC2150BEEE002B17E6 /* JSONMapper.swift */,
				13D8F6D221521844003F573C /* Language.swift */,
			);
			path = Utils;
			sourceTree = "<group>";
		};
		1334C6FF2150C0C4002B17E6 /* Services */ = {
			isa = PBXGroup;
			children = (
				13D8F6CB21521760003F573C /* Responses */,
				1334C7002150C10A002B17E6 /* OxfordDictionaryService.swift */,
				1385266721531D2F0024F099 /* TermService.swift */,
				138526692153210D0024F099 /* UserDefaultsTermService.swift */,
				1385266B2153224E0024F099 /* ServiceInjector.swift */,
			);
			path = Services;
			sourceTree = "<group>";
		};
		13644F0F214ED7B700F20718 = {
			isa = PBXGroup;
			children = (
				13644F1A214ED7B700F20718 /* Mocab */,
				13644F2F214ED7BA00F20718 /* MocabTests */,
				13644F3A214ED7BA00F20718 /* MocabUITests */,
				13644F19214ED7B700F20718 /* Products */,
				13F80E4F2151E5700044AD22 /* Frameworks */,
			);
			sourceTree = "<group>";
		};
		13644F19214ED7B700F20718 /* Products */ = {
			isa = PBXGroup;
			children = (
				13644F18214ED7B700F20718 /* Mocab.app */,
				13644F2C214ED7BA00F20718 /* MocabTests.xctest */,
				13644F37214ED7BA00F20718 /* MocabUITests.xctest */,
			);
			name = Products;
			sourceTree = "<group>";
		};
		13644F1A214ED7B700F20718 /* Mocab */ = {
			isa = PBXGroup;
			children = (
				13CCAD8721535802004534F5 /* Errors */,
				13CCAD8421534F89004534F5 /* Extensions */,
				1385266D21533F910024F099 /* Views */,
				1334C6FF2150C0C4002B17E6 /* Services */,
				1334C6FB2150BEE1002B17E6 /* Utils */,
				1334C6FA2150BEA5002B17E6 /* Controllers */,
				1334C6F72150BC23002B17E6 /* Models */,
				13644F1B214ED7B700F20718 /* AppDelegate.swift */,
				13644F1F214ED7B700F20718 /* Main.storyboard */,
				13644F22214ED7BA00F20718 /* Assets.xcassets */,
				13644F24214ED7BA00F20718 /* LaunchScreen.storyboard */,
				13644F27214ED7BA00F20718 /* Info.plist */,
			);
			path = Mocab;
			sourceTree = "<group>";
		};
		13644F2F214ED7BA00F20718 /* MocabTests */ = {
			isa = PBXGroup;
			children = (
				13644F30214ED7BA00F20718 /* MocabTests.swift */,
				13644F32214ED7BA00F20718 /* Info.plist */,
			);
			path = MocabTests;
			sourceTree = "<group>";
		};
		13644F3A214ED7BA00F20718 /* MocabUITests */ = {
			isa = PBXGroup;
			children = (
				13644F3B214ED7BA00F20718 /* MocabUITests.swift */,
				13644F3D214ED7BA00F20718 /* Info.plist */,
			);
			path = MocabUITests;
			sourceTree = "<group>";
		};
		1385266D21533F910024F099 /* Views */ = {
			isa = PBXGroup;
			children = (
				1385266E215341660024F099 /* NewWordCell.swift */,
				135FCC7C216FFB3900C3A633 /* ExistingTermCell.swift */,
			);
			path = Views;
			sourceTree = "<group>";
		};
		13CCAD8421534F89004534F5 /* Extensions */ = {
			isa = PBXGroup;
			children = (
				13CCAD8521534F9C004534F5 /* UITextField.swift */,
			);
			path = Extensions;
			sourceTree = "<group>";
		};
		13CCAD8721535802004534F5 /* Errors */ = {
			isa = PBXGroup;
			children = (
				13CCAD882153580D004534F5 /* UnexpectedPayloadError.swift */,
			);
			path = Errors;
			sourceTree = "<group>";
		};
		13D8F6CB21521760003F573C /* Responses */ = {
			isa = PBXGroup;
			children = (
				13D8F6CC21521771003F573C /* DefinitionResponse.swift */,
				13D8F6CE2152179C003F573C /* InflectionResponse.swift */,
				13D8F6D02152180E003F573C /* TermDefiner.swift */,
			);
			path = Responses;
			sourceTree = "<group>";
		};
		13F80E4F2151E5700044AD22 /* Frameworks */ = {
			isa = PBXGroup;
			children = (
				13C8DA0C2152028C00B3FA5D /* PromiseKit.framework */,
				13C8DA0A2152028200B3FA5D /* PMKAlamofire.framework */,
				13C8DA082152027900B3FA5D /* Alamofire.framework */,
			);
			name = Frameworks;
			sourceTree = "<group>";
		};
/* End PBXGroup section */

/* Begin PBXNativeTarget section */
		13644F17214ED7B700F20718 /* Mocab */ = {
			isa = PBXNativeTarget;
			buildConfigurationList = 13644F40214ED7BA00F20718 /* Build configuration list for PBXNativeTarget "Mocab" */;
			buildPhases = (
				13644F14214ED7B700F20718 /* Sources */,
				13644F15214ED7B700F20718 /* Frameworks */,
				13644F16214ED7B700F20718 /* Resources */,
				13D8F6CA2152084C003F573C /* Embed Frameworks */,
			);
			buildRules = (
			);
			dependencies = (
			);
			name = Mocab;
			productName = Mocab;
			productReference = 13644F18214ED7B700F20718 /* Mocab.app */;
			productType = "com.apple.product-type.application";
		};
		13644F2B214ED7BA00F20718 /* MocabTests */ = {
			isa = PBXNativeTarget;
			buildConfigurationList = 13644F43214ED7BA00F20718 /* Build configuration list for PBXNativeTarget "MocabTests" */;
			buildPhases = (
				13644F28214ED7BA00F20718 /* Sources */,
				13644F29214ED7BA00F20718 /* Frameworks */,
				13644F2A214ED7BA00F20718 /* Resources */,
			);
			buildRules = (
			);
			dependencies = (
				13644F2E214ED7BA00F20718 /* PBXTargetDependency */,
			);
			name = MocabTests;
			productName = MocabTests;
			productReference = 13644F2C214ED7BA00F20718 /* MocabTests.xctest */;
			productType = "com.apple.product-type.bundle.unit-test";
		};
		13644F36214ED7BA00F20718 /* MocabUITests */ = {
			isa = PBXNativeTarget;
			buildConfigurationList = 13644F46214ED7BA00F20718 /* Build configuration list for PBXNativeTarget "MocabUITests" */;
			buildPhases = (
				13644F33214ED7BA00F20718 /* Sources */,
				13644F34214ED7BA00F20718 /* Frameworks */,
				13644F35214ED7BA00F20718 /* Resources */,
			);
			buildRules = (
			);
			dependencies = (
				13644F39214ED7BA00F20718 /* PBXTargetDependency */,
			);
			name = MocabUITests;
			productName = MocabUITests;
			productReference = 13644F37214ED7BA00F20718 /* MocabUITests.xctest */;
			productType = "com.apple.product-type.bundle.ui-testing";
		};
/* End PBXNativeTarget section */

/* Begin PBXProject section */
		13644F10214ED7B700F20718 /* Project object */ = {
			isa = PBXProject;
			attributes = {
				LastSwiftUpdateCheck = 0940;
				LastUpgradeCheck = 0940;
				ORGANIZATIONNAME = "Oliver Scott";
				TargetAttributes = {
					13644F17214ED7B700F20718 = {
						CreatedOnToolsVersion = 9.4.1;
						SystemCapabilities = {
							com.apple.BackgroundModes = {
								enabled = 0;
							};
						};
					};
					13644F2B214ED7BA00F20718 = {
						CreatedOnToolsVersion = 9.4.1;
						TestTargetID = 13644F17214ED7B700F20718;
					};
					13644F36214ED7BA00F20718 = {
						CreatedOnToolsVersion = 9.4.1;
						TestTargetID = 13644F17214ED7B700F20718;
					};
				};
			};
			buildConfigurationList = 13644F13214ED7B700F20718 /* Build configuration list for PBXProject "Mocab" */;
			compatibilityVersion = "Xcode 9.3";
			developmentRegion = en;
			hasScannedForEncodings = 0;
			knownRegions = (
				en,
				Base,
			);
			mainGroup = 13644F0F214ED7B700F20718;
			productRefGroup = 13644F19214ED7B700F20718 /* Products */;
			projectDirPath = "";
			projectRoot = "";
			targets = (
				13644F17214ED7B700F20718 /* Mocab */,
				13644F2B214ED7BA00F20718 /* MocabTests */,
				13644F36214ED7BA00F20718 /* MocabUITests */,
			);
		};
/* End PBXProject section */

/* Begin PBXResourcesBuildPhase section */
		13644F16214ED7B700F20718 /* Resources */ = {
			isa = PBXResourcesBuildPhase;
			buildActionMask = 2147483647;
			files = (
				13644F26214ED7BA00F20718 /* LaunchScreen.storyboard in Resources */,
				13644F23214ED7BA00F20718 /* Assets.xcassets in Resources */,
				13644F21214ED7B700F20718 /* Main.storyboard in Resources */,
			);
			runOnlyForDeploymentPostprocessing = 0;
		};
		13644F2A214ED7BA00F20718 /* Resources */ = {
			isa = PBXResourcesBuildPhase;
			buildActionMask = 2147483647;
			files = (
			);
			runOnlyForDeploymentPostprocessing = 0;
		};
		13644F35214ED7BA00F20718 /* Resources */ = {
			isa = PBXResourcesBuildPhase;
			buildActionMask = 2147483647;
			files = (
			);
			runOnlyForDeploymentPostprocessing = 0;
		};
/* End PBXResourcesBuildPhase section */

/* Begin PBXSourcesBuildPhase section */
		13644F14214ED7B700F20718 /* Sources */ = {
			isa = PBXSourcesBuildPhase;
			buildActionMask = 2147483647;
			files = (
				1385266C2153224E0024F099 /* ServiceInjector.swift in Sources */,
				1385266F215341660024F099 /* NewWordCell.swift in Sources */,
				1334C6FD2150BEEE002B17E6 /* JSONMapper.swift in Sources */,
				13D8F6D12152180E003F573C /* TermDefiner.swift in Sources */,
				135FCC7D216FFB3900C3A633 /* ExistingTermCell.swift in Sources */,
				13D8F6CD21521771003F573C /* DefinitionResponse.swift in Sources */,
				13D8F6D321521844003F573C /* Language.swift in Sources */,
				1334C7012150C10A002B17E6 /* OxfordDictionaryService.swift in Sources */,
				1385266821531D2F0024F099 /* TermService.swift in Sources */,
				13D8F6CF2152179C003F573C /* InflectionResponse.swift in Sources */,
				13CCAD8621534F9C004534F5 /* UITextField.swift in Sources */,
				13CCAD892153580D004534F5 /* UnexpectedPayloadError.swift in Sources */,
				13644F1E214ED7B700F20718 /* LearningTermsController.swift in Sources */,
				13644F1C214ED7B700F20718 /* AppDelegate.swift in Sources */,
				1334C6F92150BC38002B17E6 /* Term.swift in Sources */,
				1385266A2153210D0024F099 /* UserDefaultsTermService.swift in Sources */,
			);
			runOnlyForDeploymentPostprocessing = 0;
		};
		13644F28214ED7BA00F20718 /* Sources */ = {
			isa = PBXSourcesBuildPhase;
			buildActionMask = 2147483647;
			files = (
				13644F31214ED7BA00F20718 /* MocabTests.swift in Sources */,
			);
			runOnlyForDeploymentPostprocessing = 0;
		};
		13644F33214ED7BA00F20718 /* Sources */ = {
			isa = PBXSourcesBuildPhase;
			buildActionMask = 2147483647;
			files = (
				13644F3C214ED7BA00F20718 /* MocabUITests.swift in Sources */,
			);
			runOnlyForDeploymentPostprocessing = 0;
		};
/* End PBXSourcesBuildPhase section */

/* Begin PBXTargetDependency section */
		13644F2E214ED7BA00F20718 /* PBXTargetDependency */ = {
			isa = PBXTargetDependency;
			target = 13644F17214ED7B700F20718 /* Mocab */;
			targetProxy = 13644F2D214ED7BA00F20718 /* PBXContainerItemProxy */;
		};
		13644F39214ED7BA00F20718 /* PBXTargetDependency */ = {
			isa = PBXTargetDependency;
			target = 13644F17214ED7B700F20718 /* Mocab */;
			targetProxy = 13644F38214ED7BA00F20718 /* PBXContainerItemProxy */;
		};
/* End PBXTargetDependency section */

/* Begin PBXVariantGroup section */
		13644F1F214ED7B700F20718 /* Main.storyboard */ = {
			isa = PBXVariantGroup;
			children = (
				13644F20214ED7B700F20718 /* Base */,
			);
			name = Main.storyboard;
			sourceTree = "<group>";
		};
		13644F24214ED7BA00F20718 /* LaunchScreen.storyboard */ = {
			isa = PBXVariantGroup;
			children = (
				13644F25214ED7BA00F20718 /* Base */,
			);
			name = LaunchScreen.storyboard;
			sourceTree = "<group>";
		};
/* End PBXVariantGroup section */

/* Begin XCBuildConfiguration section */
		13644F3E214ED7BA00F20718 /* Debug */ = {
			isa = XCBuildConfiguration;
			buildSettings = {
				ALWAYS_SEARCH_USER_PATHS = NO;
				CLANG_ANALYZER_NONNULL = YES;
				CLANG_ANALYZER_NUMBER_OBJECT_CONVERSION = YES_AGGRESSIVE;
				CLANG_CXX_LANGUAGE_STANDARD = "gnu++14";
				CLANG_CXX_LIBRARY = "libc++";
				CLANG_ENABLE_MODULES = YES;
				CLANG_ENABLE_OBJC_ARC = YES;
				CLANG_ENABLE_OBJC_WEAK = YES;
				CLANG_WARN_BLOCK_CAPTURE_AUTORELEASING = YES;
				CLANG_WARN_BOOL_CONVERSION = YES;
				CLANG_WARN_COMMA = YES;
				CLANG_WARN_CONSTANT_CONVERSION = YES;
				CLANG_WARN_DEPRECATED_OBJC_IMPLEMENTATIONS = YES;
				CLANG_WARN_DIRECT_OBJC_ISA_USAGE = YES_ERROR;
				CLANG_WARN_DOCUMENTATION_COMMENTS = YES;
				CLANG_WARN_EMPTY_BODY = YES;
				CLANG_WARN_ENUM_CONVERSION = YES;
				CLANG_WARN_INFINITE_RECURSION = YES;
				CLANG_WARN_INT_CONVERSION = YES;
				CLANG_WARN_NON_LITERAL_NULL_CONVERSION = YES;
				CLANG_WARN_OBJC_IMPLICIT_RETAIN_SELF = YES;
				CLANG_WARN_OBJC_LITERAL_CONVERSION = YES;
				CLANG_WARN_OBJC_ROOT_CLASS = YES_ERROR;
				CLANG_WARN_RANGE_LOOP_ANALYSIS = YES;
				CLANG_WARN_STRICT_PROTOTYPES = YES;
				CLANG_WARN_SUSPICIOUS_MOVE = YES;
				CLANG_WARN_UNGUARDED_AVAILABILITY = YES_AGGRESSIVE;
				CLANG_WARN_UNREACHABLE_CODE = YES;
				CLANG_WARN__DUPLICATE_METHOD_MATCH = YES;
				CODE_SIGN_IDENTITY = "iPhone Developer";
				COPY_PHASE_STRIP = NO;
				DEBUG_INFORMATION_FORMAT = dwarf;
				ENABLE_STRICT_OBJC_MSGSEND = YES;
				ENABLE_TESTABILITY = YES;
				GCC_C_LANGUAGE_STANDARD = gnu11;
				GCC_DYNAMIC_NO_PIC = NO;
				GCC_NO_COMMON_BLOCKS = YES;
				GCC_OPTIMIZATION_LEVEL = 0;
				GCC_PREPROCESSOR_DEFINITIONS = (
					"DEBUG=1",
					"$(inherited)",
				);
				GCC_WARN_64_TO_32_BIT_CONVERSION = YES;
				GCC_WARN_ABOUT_RETURN_TYPE = YES_ERROR;
				GCC_WARN_UNDECLARED_SELECTOR = YES;
				GCC_WARN_UNINITIALIZED_AUTOS = YES_AGGRESSIVE;
				GCC_WARN_UNUSED_FUNCTION = YES;
				GCC_WARN_UNUSED_VARIABLE = YES;
				IPHONEOS_DEPLOYMENT_TARGET = 11.4;
				MTL_ENABLE_DEBUG_INFO = YES;
				ONLY_ACTIVE_ARCH = YES;
				SDKROOT = iphoneos;
				SWIFT_ACTIVE_COMPILATION_CONDITIONS = DEBUG;
				SWIFT_OPTIMIZATION_LEVEL = "-Onone";
			};
			name = Debug;
		};
		13644F3F214ED7BA00F20718 /* Release */ = {
			isa = XCBuildConfiguration;
			buildSettings = {
				ALWAYS_SEARCH_USER_PATHS = NO;
				CLANG_ANALYZER_NONNULL = YES;
				CLANG_ANALYZER_NUMBER_OBJECT_CONVERSION = YES_AGGRESSIVE;
				CLANG_CXX_LANGUAGE_STANDARD = "gnu++14";
				CLANG_CXX_LIBRARY = "libc++";
				CLANG_ENABLE_MODULES = YES;
				CLANG_ENABLE_OBJC_ARC = YES;
				CLANG_ENABLE_OBJC_WEAK = YES;
				CLANG_WARN_BLOCK_CAPTURE_AUTORELEASING = YES;
				CLANG_WARN_BOOL_CONVERSION = YES;
				CLANG_WARN_COMMA = YES;
				CLANG_WARN_CONSTANT_CONVERSION = YES;
				CLANG_WARN_DEPRECATED_OBJC_IMPLEMENTATIONS = YES;
				CLANG_WARN_DIRECT_OBJC_ISA_USAGE = YES_ERROR;
				CLANG_WARN_DOCUMENTATION_COMMENTS = YES;
				CLANG_WARN_EMPTY_BODY = YES;
				CLANG_WARN_ENUM_CONVERSION = YES;
				CLANG_WARN_INFINITE_RECURSION = YES;
				CLANG_WARN_INT_CONVERSION = YES;
				CLANG_WARN_NON_LITERAL_NULL_CONVERSION = YES;
				CLANG_WARN_OBJC_IMPLICIT_RETAIN_SELF = YES;
				CLANG_WARN_OBJC_LITERAL_CONVERSION = YES;
				CLANG_WARN_OBJC_ROOT_CLASS = YES_ERROR;
				CLANG_WARN_RANGE_LOOP_ANALYSIS = YES;
				CLANG_WARN_STRICT_PROTOTYPES = YES;
				CLANG_WARN_SUSPICIOUS_MOVE = YES;
				CLANG_WARN_UNGUARDED_AVAILABILITY = YES_AGGRESSIVE;
				CLANG_WARN_UNREACHABLE_CODE = YES;
				CLANG_WARN__DUPLICATE_METHOD_MATCH = YES;
				CODE_SIGN_IDENTITY = "iPhone Developer";
				COPY_PHASE_STRIP = NO;
				DEBUG_INFORMATION_FORMAT = "dwarf-with-dsym";
				ENABLE_NS_ASSERTIONS = NO;
				ENABLE_STRICT_OBJC_MSGSEND = YES;
				GCC_C_LANGUAGE_STANDARD = gnu11;
				GCC_NO_COMMON_BLOCKS = YES;
				GCC_WARN_64_TO_32_BIT_CONVERSION = YES;
				GCC_WARN_ABOUT_RETURN_TYPE = YES_ERROR;
				GCC_WARN_UNDECLARED_SELECTOR = YES;
				GCC_WARN_UNINITIALIZED_AUTOS = YES_AGGRESSIVE;
				GCC_WARN_UNUSED_FUNCTION = YES;
				GCC_WARN_UNUSED_VARIABLE = YES;
				IPHONEOS_DEPLOYMENT_TARGET = 11.4;
				MTL_ENABLE_DEBUG_INFO = NO;
				SDKROOT = iphoneos;
				SWIFT_COMPILATION_MODE = wholemodule;
				SWIFT_OPTIMIZATION_LEVEL = "-O";
				VALIDATE_PRODUCT = YES;
			};
			name = Release;
		};
		13644F41214ED7BA00F20718 /* Debug */ = {
			isa = XCBuildConfiguration;
			buildSettings = {
				ASSETCATALOG_COMPILER_APPICON_NAME = AppIcon;
				CODE_SIGN_STYLE = Automatic;
				DEVELOPMENT_TEAM = CBG22B9PCD;
				FRAMEWORK_SEARCH_PATHS = (
					"$(inherited)",
					"$(PROJECT_DIR)/Carthage/Build/iOS",
				);
				INFOPLIST_FILE = Mocab/Info.plist;
				LD_RUNPATH_SEARCH_PATHS = (
					"$(inherited)",
					"@executable_path/Frameworks",
				);
				PRODUCT_BUNDLE_IDENTIFIER = tolkienwasp.Mocab;
				PRODUCT_NAME = "$(TARGET_NAME)";
				SWIFT_VERSION = 4.2;
				TARGETED_DEVICE_FAMILY = "1,2";
			};
			name = Debug;
		};
		13644F42214ED7BA00F20718 /* Release */ = {
			isa = XCBuildConfiguration;
			buildSettings = {
				ASSETCATALOG_COMPILER_APPICON_NAME = AppIcon;
				CODE_SIGN_STYLE = Automatic;
				DEVELOPMENT_TEAM = CBG22B9PCD;
				FRAMEWORK_SEARCH_PATHS = (
					"$(inherited)",
					"$(PROJECT_DIR)/Carthage/Build/iOS",
				);
				INFOPLIST_FILE = Mocab/Info.plist;
				LD_RUNPATH_SEARCH_PATHS = (
					"$(inherited)",
					"@executable_path/Frameworks",
				);
				PRODUCT_BUNDLE_IDENTIFIER = tolkienwasp.Mocab;
				PRODUCT_NAME = "$(TARGET_NAME)";
				SWIFT_VERSION = 4.2;
				TARGETED_DEVICE_FAMILY = "1,2";
			};
			name = Release;
		};
		13644F44214ED7BA00F20718 /* Debug */ = {
			isa = XCBuildConfiguration;
			buildSettings = {
				ALWAYS_EMBED_SWIFT_STANDARD_LIBRARIES = YES;
				BUNDLE_LOADER = "$(TEST_HOST)";
				CODE_SIGN_STYLE = Automatic;
				INFOPLIST_FILE = MocabTests/Info.plist;
				LD_RUNPATH_SEARCH_PATHS = (
					"$(inherited)",
					"@executable_path/Frameworks",
					"@loader_path/Frameworks",
				);
				PRODUCT_BUNDLE_IDENTIFIER = uh.what.MocabTests;
				PRODUCT_NAME = "$(TARGET_NAME)";
				SWIFT_VERSION = 4.0;
				TARGETED_DEVICE_FAMILY = "1,2";
				TEST_HOST = "$(BUILT_PRODUCTS_DIR)/Mocab.app/Mocab";
			};
			name = Debug;
		};
		13644F45214ED7BA00F20718 /* Release */ = {
			isa = XCBuildConfiguration;
			buildSettings = {
				ALWAYS_EMBED_SWIFT_STANDARD_LIBRARIES = YES;
				BUNDLE_LOADER = "$(TEST_HOST)";
				CODE_SIGN_STYLE = Automatic;
				INFOPLIST_FILE = MocabTests/Info.plist;
				LD_RUNPATH_SEARCH_PATHS = (
					"$(inherited)",
					"@executable_path/Frameworks",
					"@loader_path/Frameworks",
				);
				PRODUCT_BUNDLE_IDENTIFIER = uh.what.MocabTests;
				PRODUCT_NAME = "$(TARGET_NAME)";
				SWIFT_VERSION = 4.0;
				TARGETED_DEVICE_FAMILY = "1,2";
				TEST_HOST = "$(BUILT_PRODUCTS_DIR)/Mocab.app/Mocab";
			};
			name = Release;
		};
		13644F47214ED7BA00F20718 /* Debug */ = {
			isa = XCBuildConfiguration;
			buildSettings = {
				ALWAYS_EMBED_SWIFT_STANDARD_LIBRARIES = YES;
				CODE_SIGN_STYLE = Automatic;
				INFOPLIST_FILE = MocabUITests/Info.plist;
				LD_RUNPATH_SEARCH_PATHS = (
					"$(inherited)",
					"@executable_path/Frameworks",
					"@loader_path/Frameworks",
				);
				PRODUCT_BUNDLE_IDENTIFIER = uh.what.MocabUITests;
				PRODUCT_NAME = "$(TARGET_NAME)";
				SWIFT_VERSION = 4.0;
				TARGETED_DEVICE_FAMILY = "1,2";
				TEST_TARGET_NAME = Mocab;
			};
			name = Debug;
		};
		13644F48214ED7BA00F20718 /* Release */ = {
			isa = XCBuildConfiguration;
			buildSettings = {
				ALWAYS_EMBED_SWIFT_STANDARD_LIBRARIES = YES;
				CODE_SIGN_STYLE = Automatic;
				INFOPLIST_FILE = MocabUITests/Info.plist;
				LD_RUNPATH_SEARCH_PATHS = (
					"$(inherited)",
					"@executable_path/Frameworks",
					"@loader_path/Frameworks",
				);
				PRODUCT_BUNDLE_IDENTIFIER = uh.what.MocabUITests;
				PRODUCT_NAME = "$(TARGET_NAME)";
				SWIFT_VERSION = 4.0;
				TARGETED_DEVICE_FAMILY = "1,2";
				TEST_TARGET_NAME = Mocab;
			};
			name = Release;
		};
/* End XCBuildConfiguration section */

/* Begin XCConfigurationList section */
		13644F13214ED7B700F20718 /* Build configuration list for PBXProject "Mocab" */ = {
			isa = XCConfigurationList;
			buildConfigurations = (
				13644F3E214ED7BA00F20718 /* Debug */,
				13644F3F214ED7BA00F20718 /* Release */,
			);
			defaultConfigurationIsVisible = 0;
			defaultConfigurationName = Release;
		};
		13644F40214ED7BA00F20718 /* Build configuration list for PBXNativeTarget "Mocab" */ = {
			isa = XCConfigurationList;
			buildConfigurations = (
				13644F41214ED7BA00F20718 /* Debug */,
				13644F42214ED7BA00F20718 /* Release */,
			);
			defaultConfigurationIsVisible = 0;
			defaultConfigurationName = Release;
		};
		13644F43214ED7BA00F20718 /* Build configuration list for PBXNativeTarget "MocabTests" */ = {
			isa = XCConfigurationList;
			buildConfigurations = (
				13644F44214ED7BA00F20718 /* Debug */,
				13644F45214ED7BA00F20718 /* Release */,
			);
			defaultConfigurationIsVisible = 0;
			defaultConfigurationName = Release;
		};
		13644F46214ED7BA00F20718 /* Build configuration list for PBXNativeTarget "MocabUITests" */ = {
			isa = XCConfigurationList;
			buildConfigurations = (
				13644F47214ED7BA00F20718 /* Debug */,
				13644F48214ED7BA00F20718 /* Release */,
			);
			defaultConfigurationIsVisible = 0;
			defaultConfigurationName = Release;
		};
/* End XCConfigurationList section */
	};
	rootObject = 13644F10214ED7B700F20718 /* Project object */;
}
